<?xml version="1.0" encoding="utf-8"?>
<Project ToolsVersion="4.0" xmlns="http://schemas.microsoft.com/developer/msbuild/2003">
  <ItemGroup>
    <Filter Include="Source Files">
      <UniqueIdentifier>{4FC737F1-C7A5-4376-A066-2A32D752A2FF}</UniqueIdentifier>
      <Extensions>cpp;c;cc;cxx;def;odl;idl;hpj;bat;asm;asmx</Extensions>
    </Filter>
    <Filter Include="Header Files">
      <UniqueIdentifier>{93995380-89BD-4b04-88EB-625FBE52EBFB}</UniqueIdentifier>
      <Extensions>h;hh;hpp;hxx;hm;inl;inc;xsd</Extensions>
    </Filter>
    <Filter Include="Resource Files">
      <UniqueIdentifier>{67DA6AB6-F800-4c08-8B7A-83BB121AAD01}</UniqueIdentifier>
      <Extensions>rc;ico;cur;bmp;dlg;rc2;rct;bin;rgs;gif;jpg;jpeg;jpe;resx;tiff;tif;png;wav</Extensions>
    </Filter>
  </ItemGroup>
  <ItemGroup>
    <ClCompile Include="autoconf\tea\win\nmakehlp.c">
      <Filter>Source Files</Filter>
    </ClCompile>
    <ClCompile Include="ext\async\sqlite3async.c">
      <Filter>Source Files</Filter>
    </ClCompile>
    <ClCompile Include="ext\fts1\fts1.c">
      <Filter>Source Files</Filter>
    </ClCompile>
    <ClCompile Include="ext\fts1\fts1_hash.c">
      <Filter>Source Files</Filter>
    </ClCompile>
    <ClCompile Include="ext\fts1\fts1_porter.c">
      <Filter>Source Files</Filter>
    </ClCompile>
    <ClCompile Include="ext\fts1\fts1_tokenizer1.c">
      <Filter>Source Files</Filter>
    </ClCompile>
    <ClCompile Include="ext\fts1\ft_hash.c">
      <Filter>Source Files</Filter>
    </ClCompile>
    <ClCompile Include="ext\fts1\fulltext.c">
      <Filter>Source Files</Filter>
    </ClCompile>
    <ClCompile Include="ext\fts1\simple_tokenizer.c">
      <Filter>Source Files</Filter>
    </ClCompile>
    <ClCompile Include="ext\fts2\fts2.c">
      <Filter>Source Files</Filter>
    </ClCompile>
    <ClCompile Include="ext\fts2\fts2_hash.c">
      <Filter>Source Files</Filter>
    </ClCompile>
    <ClCompile Include="ext\fts2\fts2_icu.c">
      <Filter>Source Files</Filter>
    </ClCompile>
    <ClCompile Include="ext\fts2\fts2_porter.c">
      <Filter>Source Files</Filter>
    </ClCompile>
    <ClCompile Include="ext\fts2\fts2_tokenizer.c">
      <Filter>Source Files</Filter>
    </ClCompile>
    <ClCompile Include="ext\fts2\fts2_tokenizer1.c">
      <Filter>Source Files</Filter>
    </ClCompile>
    <ClCompile Include="ext\fts3\fts3.c">
      <Filter>Source Files</Filter>
    </ClCompile>
    <ClCompile Include="ext\fts3\fts3_aux.c">
      <Filter>Source Files</Filter>
    </ClCompile>
    <ClCompile Include="ext\fts3\fts3_expr.c">
      <Filter>Source Files</Filter>
    </ClCompile>
    <ClCompile Include="ext\fts3\fts3_hash.c">
      <Filter>Source Files</Filter>
    </ClCompile>
    <ClCompile Include="ext\fts3\fts3_icu.c">
      <Filter>Source Files</Filter>
    </ClCompile>
    <ClCompile Include="ext\fts3\fts3_porter.c">
      <Filter>Source Files</Filter>
    </ClCompile>
    <ClCompile Include="ext\fts3\fts3_snippet.c">
      <Filter>Source Files</Filter>
    </ClCompile>
    <ClCompile Include="ext\fts3\fts3_term.c">
      <Filter>Source Files</Filter>
    </ClCompile>
    <ClCompile Include="ext\fts3\fts3_test.c">
      <Filter>Source Files</Filter>
    </ClCompile>
    <ClCompile Include="ext\fts3\fts3_tokenizer.c">
      <Filter>Source Files</Filter>
    </ClCompile>
    <ClCompile Include="ext\fts3\fts3_tokenizer1.c">
      <Filter>Source Files</Filter>
    </ClCompile>
    <ClCompile Include="ext\fts3\fts3_tokenize_vtab.c">
      <Filter>Source Files</Filter>
    </ClCompile>
    <ClCompile Include="ext\fts3\fts3_unicode.c">
      <Filter>Source Files</Filter>
    </ClCompile>
    <ClCompile Include="ext\fts3\fts3_unicode2.c">
      <Filter>Source Files</Filter>
    </ClCompile>
    <ClCompile Include="ext\fts3\fts3_write.c">
      <Filter>Source Files</Filter>
    </ClCompile>
    <ClCompile Include="ext\fts3\tool\fts3view.c">
      <Filter>Source Files</Filter>
    </ClCompile>
    <ClCompile Include="ext\fts5\fts5_aux.c">
      <Filter>Source Files</Filter>
    </ClCompile>
    <ClCompile Include="ext\fts5\fts5_buffer.c">
      <Filter>Source Files</Filter>
    </ClCompile>
    <ClCompile Include="ext\fts5\fts5_config.c">
      <Filter>Source Files</Filter>
    </ClCompile>
    <ClCompile Include="ext\fts5\fts5_expr.c">
      <Filter>Source Files</Filter>
    </ClCompile>
    <ClCompile Include="ext\fts5\fts5_hash.c">
      <Filter>Source Files</Filter>
    </ClCompile>
    <ClCompile Include="ext\fts5\fts5_index.c">
      <Filter>Source Files</Filter>
    </ClCompile>
    <ClCompile Include="ext\fts5\fts5_main.c">
      <Filter>Source Files</Filter>
    </ClCompile>
    <ClCompile Include="ext\fts5\fts5_storage.c">
      <Filter>Source Files</Filter>
    </ClCompile>
    <ClCompile Include="ext\fts5\fts5_tcl.c">
      <Filter>Source Files</Filter>
    </ClCompile>
    <ClCompile Include="ext\fts5\fts5_test_mi.c">
      <Filter>Source Files</Filter>
    </ClCompile>
    <ClCompile Include="ext\fts5\fts5_test_tok.c">
      <Filter>Source Files</Filter>
    </ClCompile>
    <ClCompile Include="ext\fts5\fts5_tokenize.c">
      <Filter>Source Files</Filter>
    </ClCompile>
    <ClCompile Include="ext\fts5\fts5_unicode2.c">
      <Filter>Source Files</Filter>
    </ClCompile>
    <ClCompile Include="ext\fts5\fts5_varint.c">
      <Filter>Source Files</Filter>
    </ClCompile>
    <ClCompile Include="ext\fts5\fts5_vocab.c">
      <Filter>Source Files</Filter>
    </ClCompile>
    <ClCompile Include="ext\icu\icu.c">
      <Filter>Source Files</Filter>
    </ClCompile>
    <ClCompile Include="ext\misc\amatch.c">
      <Filter>Source Files</Filter>
    </ClCompile>
    <ClCompile Include="ext\misc\carray.c">
      <Filter>Source Files</Filter>
    </ClCompile>
    <ClCompile Include="ext\misc\closure.c">
      <Filter>Source Files</Filter>
    </ClCompile>
    <ClCompile Include="ext\misc\compress.c">
      <Filter>Source Files</Filter>
    </ClCompile>
    <ClCompile Include="ext\misc\csv.c">
      <Filter>Source Files</Filter>
    </ClCompile>
    <ClCompile Include="ext\misc\dbdump.c">
      <Filter>Source Files</Filter>
    </ClCompile>
    <ClCompile Include="ext\misc\eval.c">
      <Filter>Source Files</Filter>
    </ClCompile>
    <ClCompile Include="ext\misc\fileio.c">
      <Filter>Source Files</Filter>
    </ClCompile>
    <ClCompile Include="ext\misc\fuzzer.c">
      <Filter>Source Files</Filter>
    </ClCompile>
    <ClCompile Include="ext\misc\ieee754.c">
      <Filter>Source Files</Filter>
    </ClCompile>
    <ClCompile Include="ext\misc\json1.c">
      <Filter>Source Files</Filter>
    </ClCompile>
    <ClCompile Include="ext\misc\memvfs.c">
      <Filter>Source Files</Filter>
    </ClCompile>
    <ClCompile Include="ext\misc\nextchar.c">
      <Filter>Source Files</Filter>
    </ClCompile>
    <ClCompile Include="ext\misc\percentile.c">
      <Filter>Source Files</Filter>
    </ClCompile>
    <ClCompile Include="ext\misc\regexp.c">
      <Filter>Source Files</Filter>
    </ClCompile>
    <ClCompile Include="ext\misc\remember.c">
      <Filter>Source Files</Filter>
    </ClCompile>
    <ClCompile Include="ext\misc\rot13.c">
      <Filter>Source Files</Filter>
    </ClCompile>
    <ClCompile Include="ext\misc\scrub.c">
      <Filter>Source Files</Filter>
    </ClCompile>
    <ClCompile Include="ext\misc\series.c">
      <Filter>Source Files</Filter>
    </ClCompile>
    <ClCompile Include="ext\misc\sha1.c">
      <Filter>Source Files</Filter>
    </ClCompile>
    <ClCompile Include="ext\misc\shathree.c">
      <Filter>Source Files</Filter>
    </ClCompile>
    <ClCompile Include="ext\misc\showauth.c">
      <Filter>Source Files</Filter>
    </ClCompile>
    <ClCompile Include="ext\misc\spellfix.c">
      <Filter>Source Files</Filter>
    </ClCompile>
    <ClCompile Include="ext\misc\totype.c">
      <Filter>Source Files</Filter>
    </ClCompile>
    <ClCompile Include="ext\misc\vfslog.c">
      <Filter>Source Files</Filter>
    </ClCompile>
    <ClCompile Include="ext\misc\vfsstat.c">
      <Filter>Source Files</Filter>
    </ClCompile>
    <ClCompile Include="ext\misc\vtshim.c">
      <Filter>Source Files</Filter>
    </ClCompile>
    <ClCompile Include="ext\misc\wholenumber.c">
      <Filter>Source Files</Filter>
    </ClCompile>
    <ClCompile Include="ext\rbu\rbu.c">
      <Filter>Source Files</Filter>
    </ClCompile>
    <ClCompile Include="ext\rbu\sqlite3rbu.c">
      <Filter>Source Files</Filter>
    </ClCompile>
    <ClCompile Include="ext\rbu\test_rbu.c">
      <Filter>Source Files</Filter>
    </ClCompile>
    <ClCompile Include="ext\rtree\rtree.c">
      <Filter>Source Files</Filter>
    </ClCompile>
    <ClCompile Include="ext\session\changeset.c">
      <Filter>Source Files</Filter>
    </ClCompile>
    <ClCompile Include="ext\session\session_speed_test.c">
      <Filter>Source Files</Filter>
    </ClCompile>
    <ClCompile Include="ext\session\sqlite3session.c">
      <Filter>Source Files</Filter>
    </ClCompile>
    <ClCompile Include="ext\session\test_session.c">
      <Filter>Source Files</Filter>
    </ClCompile>
    <ClCompile Include="ext\userauth\userauth.c">
      <Filter>Source Files</Filter>
    </ClCompile>
    <ClCompile Include="mptest\mptest.c">
      <Filter>Source Files</Filter>
    </ClCompile>
    <ClCompile Include="src\alter.c">
      <Filter>Source Files</Filter>
    </ClCompile>
    <ClCompile Include="src\analyze.c">
      <Filter>Source Files</Filter>
    </ClCompile>
    <ClCompile Include="src\attach.c">
      <Filter>Source Files</Filter>
    </ClCompile>
    <ClCompile Include="src\auth.c">
      <Filter>Source Files</Filter>
    </ClCompile>
    <ClCompile Include="src\backup.c">
      <Filter>Source Files</Filter>
    </ClCompile>
    <ClCompile Include="src\bitvec.c">
      <Filter>Source Files</Filter>
    </ClCompile>
    <ClCompile Include="src\btmutex.c">
      <Filter>Source Files</Filter>
    </ClCompile>
    <ClCompile Include="src\btree.c">
      <Filter>Source Files</Filter>
    </ClCompile>
    <ClCompile Include="src\build.c">
      <Filter>Source Files</Filter>
    </ClCompile>
    <ClCompile Include="src\callback.c">
      <Filter>Source Files</Filter>
    </ClCompile>
    <ClCompile Include="src\complete.c">
      <Filter>Source Files</Filter>
    </ClCompile>
    <ClCompile Include="src\ctime.c">
      <Filter>Source Files</Filter>
    </ClCompile>
    <ClCompile Include="src\date.c">
      <Filter>Source Files</Filter>
    </ClCompile>
    <ClCompile Include="src\dbstat.c">
      <Filter>Source Files</Filter>
    </ClCompile>
    <ClCompile Include="src\delete.c">
      <Filter>Source Files</Filter>
    </ClCompile>
    <ClCompile Include="src\expr.c">
      <Filter>Source Files</Filter>
    </ClCompile>
    <ClCompile Include="src\fault.c">
      <Filter>Source Files</Filter>
    </ClCompile>
    <ClCompile Include="src\fkey.c">
      <Filter>Source Files</Filter>
    </ClCompile>
    <ClCompile Include="src\func.c">
      <Filter>Source Files</Filter>
    </ClCompile>
    <ClCompile Include="src\global.c">
      <Filter>Source Files</Filter>
    </ClCompile>
    <ClCompile Include="src\hash.c">
      <Filter>Source Files</Filter>
    </ClCompile>
    <ClCompile Include="src\insert.c">
      <Filter>Source Files</Filter>
    </ClCompile>
    <ClCompile Include="src\legacy.c">
      <Filter>Source Files</Filter>
    </ClCompile>
    <ClCompile Include="src\loadext.c">
      <Filter>Source Files</Filter>
    </ClCompile>
    <ClCompile Include="src\main.c">
      <Filter>Source Files</Filter>
    </ClCompile>
    <ClCompile Include="src\malloc.c">
      <Filter>Source Files</Filter>
    </ClCompile>
    <ClCompile Include="src\mem0.c">
      <Filter>Source Files</Filter>
    </ClCompile>
    <ClCompile Include="src\mem1.c">
      <Filter>Source Files</Filter>
    </ClCompile>
    <ClCompile Include="src\mem2.c">
      <Filter>Source Files</Filter>
    </ClCompile>
    <ClCompile Include="src\mem3.c">
      <Filter>Source Files</Filter>
    </ClCompile>
    <ClCompile Include="src\mem5.c">
      <Filter>Source Files</Filter>
    </ClCompile>
    <ClCompile Include="src\memjournal.c">
      <Filter>Source Files</Filter>
    </ClCompile>
    <ClCompile Include="src\mutex.c">
      <Filter>Source Files</Filter>
    </ClCompile>
    <ClCompile Include="src\mutex_noop.c">
      <Filter>Source Files</Filter>
    </ClCompile>
    <ClCompile Include="src\mutex_unix.c">
      <Filter>Source Files</Filter>
    </ClCompile>
    <ClCompile Include="src\mutex_w32.c">
      <Filter>Source Files</Filter>
    </ClCompile>
    <ClCompile Include="src\notify.c">
      <Filter>Source Files</Filter>
    </ClCompile>
    <ClCompile Include="src\os.c">
      <Filter>Source Files</Filter>
    </ClCompile>
    <ClCompile Include="src\os_unix.c">
      <Filter>Source Files</Filter>
    </ClCompile>
    <ClCompile Include="src\os_win.c">
      <Filter>Source Files</Filter>
    </ClCompile>
    <ClCompile Include="src\pager.c">
      <Filter>Source Files</Filter>
    </ClCompile>
    <ClCompile Include="src\pcache.c">
      <Filter>Source Files</Filter>
    </ClCompile>
    <ClCompile Include="src\pcache1.c">
      <Filter>Source Files</Filter>
    </ClCompile>
    <ClCompile Include="src\pragma.c">
      <Filter>Source Files</Filter>
    </ClCompile>
    <ClCompile Include="src\prepare.c">
      <Filter>Source Files</Filter>
    </ClCompile>
    <ClCompile Include="src\printf.c">
      <Filter>Source Files</Filter>
    </ClCompile>
    <ClCompile Include="src\random.c">
      <Filter>Source Files</Filter>
    </ClCompile>
    <ClCompile Include="src\resolve.c">
      <Filter>Source Files</Filter>
    </ClCompile>
    <ClCompile Include="src\rowset.c">
      <Filter>Source Files</Filter>
    </ClCompile>
    <ClCompile Include="src\select.c">
      <Filter>Source Files</Filter>
    </ClCompile>
    <ClCompile Include="src\shell.c">
      <Filter>Source Files</Filter>
    </ClCompile>
    <ClCompile Include="src\status.c">
      <Filter>Source Files</Filter>
    </ClCompile>
    <ClCompile Include="src\table.c">
      <Filter>Source Files</Filter>
    </ClCompile>
    <ClCompile Include="src\tclsqlite.c">
      <Filter>Source Files</Filter>
    </ClCompile>
    <ClCompile Include="src\test1.c">
      <Filter>Source Files</Filter>
    </ClCompile>
    <ClCompile Include="src\test2.c">
      <Filter>Source Files</Filter>
    </ClCompile>
    <ClCompile Include="src\test3.c">
      <Filter>Source Files</Filter>
    </ClCompile>
    <ClCompile Include="src\test4.c">
      <Filter>Source Files</Filter>
    </ClCompile>
    <ClCompile Include="src\test5.c">
      <Filter>Source Files</Filter>
    </ClCompile>
    <ClCompile Include="src\test6.c">
      <Filter>Source Files</Filter>
    </ClCompile>
    <ClCompile Include="src\test7.c">
      <Filter>Source Files</Filter>
    </ClCompile>
    <ClCompile Include="src\test8.c">
      <Filter>Source Files</Filter>
    </ClCompile>
    <ClCompile Include="src\test9.c">
      <Filter>Source Files</Filter>
    </ClCompile>
    <ClCompile Include="src\test_async.c">
      <Filter>Source Files</Filter>
    </ClCompile>
    <ClCompile Include="src\test_autoext.c">
      <Filter>Source Files</Filter>
    </ClCompile>
    <ClCompile Include="src\test_backup.c">
      <Filter>Source Files</Filter>
    </ClCompile>
    <ClCompile Include="src\test_bestindex.c">
      <Filter>Source Files</Filter>
    </ClCompile>
    <ClCompile Include="src\test_blob.c">
      <Filter>Source Files</Filter>
    </ClCompile>
    <ClCompile Include="src\test_btree.c">
      <Filter>Source Files</Filter>
    </ClCompile>
    <ClCompile Include="src\test_config.c">
      <Filter>Source Files</Filter>
    </ClCompile>
    <ClCompile Include="src\test_delete.c">
      <Filter>Source Files</Filter>
    </ClCompile>
    <ClCompile Include="src\test_demovfs.c">
      <Filter>Source Files</Filter>
    </ClCompile>
    <ClCompile Include="src\test_devsym.c">
      <Filter>Source Files</Filter>
    </ClCompile>
    <ClCompile Include="src\test_fs.c">
      <Filter>Source Files</Filter>
    </ClCompile>
    <ClCompile Include="src\test_func.c">
      <Filter>Source Files</Filter>
    </ClCompile>
    <ClCompile Include="src\test_hexio.c">
      <Filter>Source Files</Filter>
    </ClCompile>
    <ClCompile Include="src\test_init.c">
      <Filter>Source Files</Filter>
    </ClCompile>
    <ClCompile Include="src\test_intarray.c">
      <Filter>Source Files</Filter>
    </ClCompile>
    <ClCompile Include="src\test_journal.c">
      <Filter>Source Files</Filter>
    </ClCompile>
    <ClCompile Include="src\test_loadext.c">
      <Filter>Source Files</Filter>
    </ClCompile>
    <ClCompile Include="src\test_malloc.c">
      <Filter>Source Files</Filter>
    </ClCompile>
    <ClCompile Include="src\test_multiplex.c">
      <Filter>Source Files</Filter>
    </ClCompile>
    <ClCompile Include="src\test_mutex.c">
      <Filter>Source Files</Filter>
    </ClCompile>
    <ClCompile Include="src\test_onefile.c">
      <Filter>Source Files</Filter>
    </ClCompile>
    <ClCompile Include="src\test_osinst.c">
      <Filter>Source Files</Filter>
    </ClCompile>
    <ClCompile Include="src\test_pcache.c">
      <Filter>Source Files</Filter>
    </ClCompile>
    <ClCompile Include="src\test_quota.c">
      <Filter>Source Files</Filter>
    </ClCompile>
    <ClCompile Include="src\test_rtree.c">
      <Filter>Source Files</Filter>
    </ClCompile>
    <ClCompile Include="src\test_schema.c">
      <Filter>Source Files</Filter>
    </ClCompile>
    <ClCompile Include="src\test_server.c">
      <Filter>Source Files</Filter>
    </ClCompile>
    <ClCompile Include="src\test_sqllog.c">
      <Filter>Source Files</Filter>
    </ClCompile>
    <ClCompile Include="src\test_superlock.c">
      <Filter>Source Files</Filter>
    </ClCompile>
    <ClCompile Include="src\test_syscall.c">
      <Filter>Source Files</Filter>
    </ClCompile>
    <ClCompile Include="src\test_tclvar.c">
      <Filter>Source Files</Filter>
    </ClCompile>
    <ClCompile Include="src\test_thread.c">
      <Filter>Source Files</Filter>
    </ClCompile>
    <ClCompile Include="src\test_vfs.c">
      <Filter>Source Files</Filter>
    </ClCompile>
    <ClCompile Include="src\test_vfstrace.c">
      <Filter>Source Files</Filter>
    </ClCompile>
    <ClCompile Include="src\test_windirent.c">
      <Filter>Source Files</Filter>
    </ClCompile>
    <ClCompile Include="src\test_wsd.c">
      <Filter>Source Files</Filter>
    </ClCompile>
    <ClCompile Include="src\threads.c">
      <Filter>Source Files</Filter>
    </ClCompile>
    <ClCompile Include="src\tokenize.c">
      <Filter>Source Files</Filter>
    </ClCompile>
    <ClCompile Include="src\treeview.c">
      <Filter>Source Files</Filter>
    </ClCompile>
    <ClCompile Include="src\trigger.c">
      <Filter>Source Files</Filter>
    </ClCompile>
    <ClCompile Include="src\update.c">
      <Filter>Source Files</Filter>
    </ClCompile>
    <ClCompile Include="src\utf.c">
      <Filter>Source Files</Filter>
    </ClCompile>
    <ClCompile Include="src\util.c">
      <Filter>Source Files</Filter>
    </ClCompile>
    <ClCompile Include="src\vacuum.c">
      <Filter>Source Files</Filter>
    </ClCompile>
    <ClCompile Include="src\vdbe.c">
      <Filter>Source Files</Filter>
    </ClCompile>
    <ClCompile Include="src\vdbeapi.c">
      <Filter>Source Files</Filter>
    </ClCompile>
    <ClCompile Include="src\vdbeaux.c">
      <Filter>Source Files</Filter>
    </ClCompile>
    <ClCompile Include="src\vdbeblob.c">
      <Filter>Source Files</Filter>
    </ClCompile>
    <ClCompile Include="src\vdbemem.c">
      <Filter>Source Files</Filter>
    </ClCompile>
    <ClCompile Include="src\vdbesort.c">
      <Filter>Source Files</Filter>
    </ClCompile>
    <ClCompile Include="src\vdbetrace.c">
      <Filter>Source Files</Filter>
    </ClCompile>
    <ClCompile Include="src\vtab.c">
      <Filter>Source Files</Filter>
    </ClCompile>
    <ClCompile Include="src\wal.c">
      <Filter>Source Files</Filter>
    </ClCompile>
    <ClCompile Include="src\walker.c">
      <Filter>Source Files</Filter>
    </ClCompile>
    <ClCompile Include="src\where.c">
      <Filter>Source Files</Filter>
    </ClCompile>
    <ClCompile Include="src\wherecode.c">
      <Filter>Source Files</Filter>
    </ClCompile>
    <ClCompile Include="src\whereexpr.c">
      <Filter>Source Files</Filter>
    </ClCompile>
    <ClCompile Include="test\crashtest1.c">
      <Filter>Source Files</Filter>
    </ClCompile>
    <ClCompile Include="test\dbfuzz.c">
      <Filter>Source Files</Filter>
    </ClCompile>
    <ClCompile Include="test\fuzzcheck.c">
      <Filter>Source Files</Filter>
    </ClCompile>
    <ClCompile Include="test\kvtest.c">
      <Filter>Source Files</Filter>
    </ClCompile>
    <ClCompile Include="test\ossfuzz.c">
      <Filter>Source Files</Filter>
    </ClCompile>
    <ClCompile Include="test\ossshell.c">
      <Filter>Source Files</Filter>
    </ClCompile>
    <ClCompile Include="test\speedtest1.c">
      <Filter>Source Files</Filter>
    </ClCompile>
    <ClCompile Include="test\threadtest1.c">
      <Filter>Source Files</Filter>
    </ClCompile>
    <ClCompile Include="test\threadtest2.c">
      <Filter>Source Files</Filter>
    </ClCompile>
    <ClCompile Include="test\threadtest3.c">
      <Filter>Source Files</Filter>
    </ClCompile>
    <ClCompile Include="test\threadtest4.c">
      <Filter>Source Files</Filter>
    </ClCompile>
    <ClCompile Include="test\tt3_checkpoint.c">
      <Filter>Source Files</Filter>
    </ClCompile>
    <ClCompile Include="test\tt3_index.c">
      <Filter>Source Files</Filter>
    </ClCompile>
    <ClCompile Include="test\tt3_lookaside1.c">
      <Filter>Source Files</Filter>
    </ClCompile>
    <ClCompile Include="test\tt3_stress.c">
      <Filter>Source Files</Filter>
    </ClCompile>
    <ClCompile Include="test\tt3_vacuum.c">
      <Filter>Source Files</Filter>
    </ClCompile>
    <ClCompile Include="test\wordcount.c">
      <Filter>Source Files</Filter>
    </ClCompile>
    <ClCompile Include="tool\checkSpacing.c">
      <Filter>Source Files</Filter>
    </ClCompile>
    <ClCompile Include="tool\dbhash.c">
      <Filter>Source Files</Filter>
    </ClCompile>
    <ClCompile Include="tool\extract.c">
      <Filter>Source Files</Filter>
    </ClCompile>
    <ClCompile Include="tool\fast_vacuum.c">
      <Filter>Source Files</Filter>
    </ClCompile>
    <ClCompile Include="tool\fuzzershell.c">
      <Filter>Source Files</Filter>
    </ClCompile>
    <ClCompile Include="tool\getlock.c">
      <Filter>Source Files</Filter>
    </ClCompile>
    <ClCompile Include="tool\lemon.c">
      <Filter>Source Files</Filter>
    </ClCompile>
    <ClCompile Include="tool\lempar.c">
      <Filter>Source Files</Filter>
    </ClCompile>
    <ClCompile Include="tool\libvers.c">
      <Filter>Source Files</Filter>
    </ClCompile>
    <ClCompile Include="tool\loadfts.c">
      <Filter>Source Files</Filter>
    </ClCompile>
    <ClCompile Include="tool\logest.c">
      <Filter>Source Files</Filter>
    </ClCompile>
    <ClCompile Include="tool\max-limits.c">
      <Filter>Source Files</Filter>
    </ClCompile>
    <ClCompile Include="tool\mkkeywordhash.c">
      <Filter>Source Files</Filter>
    </ClCompile>
    <ClCompile Include="tool\offsets.c">
      <Filter>Source Files</Filter>
    </ClCompile>
    <ClCompile Include="tool\pagesig.c">
      <Filter>Source Files</Filter>
    </ClCompile>
    <ClCompile Include="tool\rollback-test.c">
      <Filter>Source Files</Filter>
    </ClCompile>
    <ClCompile Include="tool\showdb.c">
      <Filter>Source Files</Filter>
    </ClCompile>
    <ClCompile Include="tool\showjournal.c">
      <Filter>Source Files</Filter>
    </ClCompile>
    <ClCompile Include="tool\showlocks.c">
      <Filter>Source Files</Filter>
    </ClCompile>
    <ClCompile Include="tool\showstat4.c">
      <Filter>Source Files</Filter>
    </ClCompile>
    <ClCompile Include="tool\showwal.c">
      <Filter>Source Files</Filter>
    </ClCompile>
    <ClCompile Include="tool\speedtest16.c">
      <Filter>Source Files</Filter>
    </ClCompile>
    <ClCompile Include="tool\speedtest8.c">
      <Filter>Source Files</Filter>
    </ClCompile>
    <ClCompile Include="tool\speedtest8inst1.c">
      <Filter>Source Files</Filter>
    </ClCompile>
    <ClCompile Include="tool\sqldiff.c">
      <Filter>Source Files</Filter>
    </ClCompile>
    <ClCompile Include="tool\srcck1.c">
      <Filter>Source Files</Filter>
    </ClCompile>
    <ClCompile Include="tool\varint.c">
      <Filter>Source Files</Filter>
    </ClCompile>
    <ClCompile Include="vsixtest\App.xaml.cpp">
      <Filter>Source Files</Filter>
    </ClCompile>
    <ClCompile Include="vsixtest\MainPage.xaml.cpp">
      <Filter>Source Files</Filter>
    </ClCompile>
    <ClCompile Include="vsixtest\pch.cpp">
      <Filter>Source Files</Filter>
    </ClCompile>
    <ClCompile Include="parse.c">
      <Filter>Source Files</Filter>
    </ClCompile>
    <ClCompile Include="src\web.c">
      <Filter>Source Files</Filter>
    </ClCompile>
    <ClCompile Include="src\sp.c">
      <Filter>Source Files</Filter>
    </ClCompile>
  </ItemGroup>
  <ItemGroup>
    <ClInclude Include="ext\async\sqlite3async.h">
      <Filter>Header Files</Filter>
    </ClInclude>
    <ClInclude Include="ext\fts1\fts1.h">
      <Filter>Header Files</Filter>
    </ClInclude>
    <ClInclude Include="ext\fts1\fts1_hash.h">
      <Filter>Header Files</Filter>
    </ClInclude>
    <ClInclude Include="ext\fts1\fts1_tokenizer.h">
      <Filter>Header Files</Filter>
    </ClInclude>
    <ClInclude Include="ext\fts1\ft_hash.h">
      <Filter>Header Files</Filter>
    </ClInclude>
    <ClInclude Include="ext\fts1\fulltext.h">
      <Filter>Header Files</Filter>
    </ClInclude>
    <ClInclude Include="ext\fts1\tokenizer.h">
      <Filter>Header Files</Filter>
    </ClInclude>
    <ClInclude Include="ext\fts2\fts2.h">
      <Filter>Header Files</Filter>
    </ClInclude>
    <ClInclude Include="ext\fts2\fts2_hash.h">
      <Filter>Header Files</Filter>
    </ClInclude>
    <ClInclude Include="ext\fts2\fts2_tokenizer.h">
      <Filter>Header Files</Filter>
    </ClInclude>
    <ClInclude Include="ext\fts3\fts3.h">
      <Filter>Header Files</Filter>
    </ClInclude>
    <ClInclude Include="ext\fts3\fts3Int.h">
      <Filter>Header Files</Filter>
    </ClInclude>
    <ClInclude Include="ext\fts3\fts3_hash.h">
      <Filter>Header Files</Filter>
    </ClInclude>
    <ClInclude Include="ext\fts3\fts3_tokenizer.h">
      <Filter>Header Files</Filter>
    </ClInclude>
    <ClInclude Include="ext\fts5\fts5.h">
      <Filter>Header Files</Filter>
    </ClInclude>
    <ClInclude Include="ext\fts5\fts5Int.h">
      <Filter>Header Files</Filter>
    </ClInclude>
    <ClInclude Include="ext\icu\sqliteicu.h">
      <Filter>Header Files</Filter>
    </ClInclude>
    <ClInclude Include="ext\rbu\sqlite3rbu.h">
      <Filter>Header Files</Filter>
    </ClInclude>
    <ClInclude Include="ext\rtree\rtree.h">
      <Filter>Header Files</Filter>
    </ClInclude>
    <ClInclude Include="ext\rtree\sqlite3rtree.h">
      <Filter>Header Files</Filter>
    </ClInclude>
    <ClInclude Include="ext\session\sqlite3session.h">
      <Filter>Header Files</Filter>
    </ClInclude>
    <ClInclude Include="ext\userauth\sqlite3userauth.h">
      <Filter>Header Files</Filter>
    </ClInclude>
    <ClInclude Include="src\btree.h">
      <Filter>Header Files</Filter>
    </ClInclude>
    <ClInclude Include="src\btreeInt.h">
      <Filter>Header Files</Filter>
    </ClInclude>
    <ClInclude Include="src\hash.h">
      <Filter>Header Files</Filter>
    </ClInclude>
    <ClInclude Include="src\hwtime.h">
      <Filter>Header Files</Filter>
    </ClInclude>
    <ClInclude Include="src\msvc.h">
      <Filter>Header Files</Filter>
    </ClInclude>
    <ClInclude Include="src\mutex.h">
      <Filter>Header Files</Filter>
    </ClInclude>
    <ClInclude Include="src\os.h">
      <Filter>Header Files</Filter>
    </ClInclude>
    <ClInclude Include="src\os_common.h">
      <Filter>Header Files</Filter>
    </ClInclude>
    <ClInclude Include="src\os_setup.h">
      <Filter>Header Files</Filter>
    </ClInclude>
    <ClInclude Include="src\os_win.h">
      <Filter>Header Files</Filter>
    </ClInclude>
    <ClInclude Include="src\pager.h">
      <Filter>Header Files</Filter>
    </ClInclude>
    <ClInclude Include="src\pcache.h">
      <Filter>Header Files</Filter>
    </ClInclude>
    <ClInclude Include="src\pragma.h">
      <Filter>Header Files</Filter>
    </ClInclude>
    <ClInclude Include="src\sqlite3ext.h">
      <Filter>Header Files</Filter>
    </ClInclude>
    <ClInclude Include="src\sqliteInt.h">
      <Filter>Header Files</Filter>
    </ClInclude>
    <ClInclude Include="src\sqliteLimit.h">
      <Filter>Header Files</Filter>
    </ClInclude>
    <ClInclude Include="src\test_intarray.h">
      <Filter>Header Files</Filter>
    </ClInclude>
    <ClInclude Include="src\test_multiplex.h">
      <Filter>Header Files</Filter>
    </ClInclude>
    <ClInclude Include="src\test_quota.h">
      <Filter>Header Files</Filter>
    </ClInclude>
    <ClInclude Include="src\test_windirent.h">
      <Filter>Header Files</Filter>
    </ClInclude>
    <ClInclude Include="src\vdbe.h">
      <Filter>Header Files</Filter>
    </ClInclude>
    <ClInclude Include="src\vdbeInt.h">
      <Filter>Header Files</Filter>
    </ClInclude>
    <ClInclude Include="src\vxworks.h">
      <Filter>Header Files</Filter>
    </ClInclude>
    <ClInclude Include="src\wal.h">
      <Filter>Header Files</Filter>
    </ClInclude>
    <ClInclude Include="src\whereInt.h">
      <Filter>Header Files</Filter>
    </ClInclude>
    <ClInclude Include="vsixtest\App.xaml.h">
      <Filter>Header Files</Filter>
    </ClInclude>
    <ClInclude Include="vsixtest\MainPage.xaml.h">
      <Filter>Header Files</Filter>
    </ClInclude>
    <ClInclude Include="vsixtest\pch.h">
      <Filter>Header Files</Filter>
    </ClInclude>
  </ItemGroup>
  <ItemGroup>
    <ResourceCompile Include="src\sqlite3.rc">
      <Filter>Resource Files</Filter>
    </ResourceCompile>
  </ItemGroup>
  <ItemGroup>
    <None Include="doc\lemon.html" />
    <None Include="src\parse.y">
      <Filter>Source Files</Filter>
    </None>
  </ItemGroup>
</Project>